
Microsoft Visual Studio Solution File, Format Version 12.00
# Visual Studio 2012
Project("{FAE04EC0-301F-11D3-BF4B-00C04F79EFBC}") = "Q107_Q123", "PreguntasExamen70483\Q107_Q123.csproj", "{834A1540-03E1-4BE8-9078-D59E28F442D1}"
EndProject
Project("{FAE04EC0-301F-11D3-BF4B-00C04F79EFBC}") = "Q7", "Q7\Q7.csproj", "{13715315-D5F1-4536-B503-935CE90CFAE2}"
EndProject
Project("{FAE04EC0-301F-11D3-BF4B-00C04F79EFBC}") = "Q12", "Q12\Q12.csproj", "{E5035F6C-761B-44AE-97D4-9F45C20B5211}"
EndProject
Project("{FAE04EC0-301F-11D3-BF4B-00C04F79EFBC}") = "Q239", "Q239\Q239.csproj", "{1D8C1779-9BEF-4F70-9EAC-A9A98C1EC279}"
EndProject
Project("{FAE04EC0-301F-11D3-BF4B-00C04F79EFBC}") = "Q197", "Q197\Q197.csproj", "{82A43AF0-38F0-4A71-B5A1-FAB93A21F09E}"
EndProject
Project("{FAE04EC0-301F-11D3-BF4B-00C04F79EFBC}") = "Q33", "Q33\Q33.csproj", "{6FE43D90-A594-4560-9792-F413E1F9700D}"
EndProject
Project("{FAE04EC0-301F-11D3-BF4B-00C04F79EFBC}") = "Q53", "Q53\Q53.csproj", "{DEA5701F-C32D-4939-A2C6-822ADBA7BD30}"
EndProject
Project("{FAE04EC0-301F-11D3-BF4B-00C04F79EFBC}") = "Q81", "Q81\Q81.csproj", "{272A5E67-9C46-455D-ADB2-0F5412962BD0}"
EndProject
Project("{FAE04EC0-301F-11D3-BF4B-00C04F79EFBC}") = "Q113", "Q113\Q113.csproj", "{0D0B4E4E-1CB9-4342-9E2F-FD8C8C954B2A}"
EndProject
Project("{FAE04EC0-301F-11D3-BF4B-00C04F79EFBC}") = "Q143", "Q143\Q143.csproj", "{70177F39-1E43-4DD3-AC8F-86F1C5A2CD7C}"
EndProject
Project("{FAE04EC0-301F-11D3-BF4B-00C04F79EFBC}") = "Q35_Q206", "Q35_Q206\Q35_Q206.csproj", "{C423EBA5-DDC6-4E07-AAB3-57ECCDDA8DC3}"
EndProject
Project("{FAE04EC0-301F-11D3-BF4B-00C04F79EFBC}") = "Q63_Q219", "Q63_Q219\Q63_Q219.csproj", "{86519D0B-EFCF-450E-8BDC-155750FF5A48}"
EndProject
Project("{FAE04EC0-301F-11D3-BF4B-00C04F79EFBC}") = "Q125_Q213", "Q125_Q213\Q125_Q213.csproj", "{00AB9CC0-2C35-4DD4-A0A6-EE24D491A167}"
EndProject
Project("{FAE04EC0-301F-11D3-BF4B-00C04F79EFBC}") = "Q149", "Q149\Q149.csproj", "{7C365634-A77F-4D11-9CF2-75B97721BC85}"
EndProject
Global
	GlobalSection(SolutionConfigurationPlatforms) = preSolution
		Debug|Any CPU = Debug|Any CPU
		Release|Any CPU = Release|Any CPU
	EndGlobalSection
	GlobalSection(ProjectConfigurationPlatforms) = postSolution
		{834A1540-03E1-4BE8-9078-D59E28F442D1}.Debug|Any CPU.ActiveCfg = Debug|Any CPU
		{834A1540-03E1-4BE8-9078-D59E28F442D1}.Debug|Any CPU.Build.0 = Debug|Any CPU
		{834A1540-03E1-4BE8-9078-D59E28F442D1}.Release|Any CPU.ActiveCfg = Release|Any CPU
		{834A1540-03E1-4BE8-9078-D59E28F442D1}.Release|Any CPU.Build.0 = Release|Any CPU
		{13715315-D5F1-4536-B503-935CE90CFAE2}.Debug|Any CPU.ActiveCfg = Debug|Any CPU
		{13715315-D5F1-4536-B503-935CE90CFAE2}.Debug|Any CPU.Build.0 = Debug|Any CPU
		{13715315-D5F1-4536-B503-935CE90CFAE2}.Release|Any CPU.ActiveCfg = Release|Any CPU
		{13715315-D5F1-4536-B503-935CE90CFAE2}.Release|Any CPU.Build.0 = Release|Any CPU
		{E5035F6C-761B-44AE-97D4-9F45C20B5211}.Debug|Any CPU.ActiveCfg = Debug|Any CPU
		{E5035F6C-761B-44AE-97D4-9F45C20B5211}.Debug|Any CPU.Build.0 = Debug|Any CPU
		{E5035F6C-761B-44AE-97D4-9F45C20B5211}.Release|Any CPU.ActiveCfg = Release|Any CPU
		{E5035F6C-761B-44AE-97D4-9F45C20B5211}.Release|Any CPU.Build.0 = Release|Any CPU
		{1D8C1779-9BEF-4F70-9EAC-A9A98C1EC279}.Debug|Any CPU.ActiveCfg = Debug|Any CPU
		{1D8C1779-9BEF-4F70-9EAC-A9A98C1EC279}.Debug|Any CPU.Build.0 = Debug|Any CPU
		{1D8C1779-9BEF-4F70-9EAC-A9A98C1EC279}.Release|Any CPU.ActiveCfg = Release|Any CPU
		{1D8C1779-9BEF-4F70-9EAC-A9A98C1EC279}.Release|Any CPU.Build.0 = Release|Any CPU
		{82A43AF0-38F0-4A71-B5A1-FAB93A21F09E}.Debug|Any CPU.ActiveCfg = Debug|Any CPU
		{82A43AF0-38F0-4A71-B5A1-FAB93A21F09E}.Debug|Any CPU.Build.0 = Debug|Any CPU
		{82A43AF0-38F0-4A71-B5A1-FAB93A21F09E}.Release|Any CPU.ActiveCfg = Release|Any CPU
		{82A43AF0-38F0-4A71-B5A1-FAB93A21F09E}.Release|Any CPU.Build.0 = Release|Any CPU
		{6FE43D90-A594-4560-9792-F413E1F9700D}.Debug|Any CPU.ActiveCfg = Debug|Any CPU
		{6FE43D90-A594-4560-9792-F413E1F9700D}.Debug|Any CPU.Build.0 = Debug|Any CPU
		{6FE43D90-A594-4560-9792-F413E1F9700D}.Release|Any CPU.ActiveCfg = Release|Any CPU
		{6FE43D90-A594-4560-9792-F413E1F9700D}.Release|Any CPU.Build.0 = Release|Any CPU
		{DEA5701F-C32D-4939-A2C6-822ADBA7BD30}.Debug|Any CPU.ActiveCfg = Debug|Any CPU
		{DEA5701F-C32D-4939-A2C6-822ADBA7BD30}.Debug|Any CPU.Build.0 = Debug|Any CPU
		{DEA5701F-C32D-4939-A2C6-822ADBA7BD30}.Release|Any CPU.ActiveCfg = Release|Any CPU
		{DEA5701F-C32D-4939-A2C6-822ADBA7BD30}.Release|Any CPU.Build.0 = Release|Any CPU
		{272A5E67-9C46-455D-ADB2-0F5412962BD0}.Debug|Any CPU.ActiveCfg = Debug|Any CPU
		{272A5E67-9C46-455D-ADB2-0F5412962BD0}.Debug|Any CPU.Build.0 = Debug|Any CPU
		{272A5E67-9C46-455D-ADB2-0F5412962BD0}.Release|Any CPU.ActiveCfg = Release|Any CPU
		{272A5E67-9C46-455D-ADB2-0F5412962BD0}.Release|Any CPU.Build.0 = Release|Any CPU
		{0D0B4E4E-1CB9-4342-9E2F-FD8C8C954B2A}.Debug|Any CPU.ActiveCfg = Debug|Any CPU
		{0D0B4E4E-1CB9-4342-9E2F-FD8C8C954B2A}.Debug|Any CPU.Build.0 = Debug|Any CPU
		{0D0B4E4E-1CB9-4342-9E2F-FD8C8C954B2A}.Release|Any CPU.ActiveCfg = Release|Any CPU
		{0D0B4E4E-1CB9-4342-9E2F-FD8C8C954B2A}.Release|Any CPU.Build.0 = Release|Any CPU
		{70177F39-1E43-4DD3-AC8F-86F1C5A2CD7C}.Debug|Any CPU.ActiveCfg = Debug|Any CPU
		{70177F39-1E43-4DD3-AC8F-86F1C5A2CD7C}.Debug|Any CPU.Build.0 = Debug|Any CPU
		{70177F39-1E43-4DD3-AC8F-86F1C5A2CD7C}.Release|Any CPU.ActiveCfg = Release|Any CPU
		{70177F39-1E43-4DD3-AC8F-86F1C5A2CD7C}.Release|Any CPU.Build.0 = Release|Any CPU
		{C423EBA5-DDC6-4E07-AAB3-57ECCDDA8DC3}.Debug|Any CPU.ActiveCfg = Debug|Any CPU
		{C423EBA5-DDC6-4E07-AAB3-57ECCDDA8DC3}.Debug|Any CPU.Build.0 = Debug|Any CPU
		{C423EBA5-DDC6-4E07-AAB3-57ECCDDA8DC3}.Release|Any CPU.ActiveCfg = Release|Any CPU
		{C423EBA5-DDC6-4E07-AAB3-57ECCDDA8DC3}.Release|Any CPU.Build.0 = Release|Any CPU
		{86519D0B-EFCF-450E-8BDC-155750FF5A48}.Debug|Any CPU.ActiveCfg = Debug|Any CPU
		{86519D0B-EFCF-450E-8BDC-155750FF5A48}.Debug|Any CPU.Build.0 = Debug|Any CPU
		{86519D0B-EFCF-450E-8BDC-155750FF5A48}.Release|Any CPU.ActiveCfg = Release|Any CPU
		{86519D0B-EFCF-450E-8BDC-155750FF5A48}.Release|Any CPU.Build.0 = Release|Any CPU
		{00AB9CC0-2C35-4DD4-A0A6-EE24D491A167}.Debug|Any CPU.ActiveCfg = Debug|Any CPU
		{00AB9CC0-2C35-4DD4-A0A6-EE24D491A167}.Debug|Any CPU.Build.0 = Debug|Any CPU
		{00AB9CC0-2C35-4DD4-A0A6-EE24D491A167}.Release|Any CPU.ActiveCfg = Release|Any CPU
		{00AB9CC0-2C35-4DD4-A0A6-EE24D491A167}.Release|Any CPU.Build.0 = Release|Any CPU
		{7C365634-A77F-4D11-9CF2-75B97721BC85}.Debug|Any CPU.ActiveCfg = Debug|Any CPU
		{7C365634-A77F-4D11-9CF2-75B97721BC85}.Debug|Any CPU.Build.0 = Debug|Any CPU
		{7C365634-A77F-4D11-9CF2-75B97721BC85}.Release|Any CPU.ActiveCfg = Release|Any CPU
		{7C365634-A77F-4D11-9CF2-75B97721BC85}.Release|Any CPU.Build.0 = Release|Any CPU
	EndGlobalSection
	GlobalSection(SolutionProperties) = preSolution
		HideSolutionNode = FALSE
	EndGlobalSection
EndGlobal
